// !$*UTF8*$!
{
	archiveVersion = 1;
	classes = {
	};
	objectVersion = 55;
	objects = {

/* Begin PBXBuildFile section */
		6E00AA202926434800798F03 /* Extension+UIView.swift in Sources */ = {isa = PBXBuildFile; fileRef = 6E00AA1F2926434800798F03 /* Extension+UIView.swift */; };
		6E088F942916830900F401A6 /* Texts.swift in Sources */ = {isa = PBXBuildFile; fileRef = 6E088F932916830900F401A6 /* Texts.swift */; };
		6E12D2132923C75200D2F45B /* PloggingTableViewCell.xib in Resources */ = {isa = PBXBuildFile; fileRef = 6E12D2122923C75200D2F45B /* PloggingTableViewCell.xib */; };
		6E12D2152923C8A500D2F45B /* PloggingTableViewCell.swift in Sources */ = {isa = PBXBuildFile; fileRef = 6E12D2142923C8A500D2F45B /* PloggingTableViewCell.swift */; };
		6E12D2172923D89600D2F45B /* Extension+FloatingPoint.swift in Sources */ = {isa = PBXBuildFile; fileRef = 6E12D2162923D89600D2F45B /* Extension+FloatingPoint.swift */; };
		6E1412EF29227100009E1BDB /* Plogging.xcdatamodeld in Sources */ = {isa = PBXBuildFile; fileRef = 6E1412ED29227100009E1BDB /* Plogging.xcdatamodeld */; };
		6E1412F2292274C2009E1BDB /* CreatePloggingViewController.swift in Sources */ = {isa = PBXBuildFile; fileRef = 6E1412F1292274C2009E1BDB /* CreatePloggingViewController.swift */; };
		6E1412F42922750F009E1BDB /* CreatePloggingView.swift in Sources */ = {isa = PBXBuildFile; fileRef = 6E1412F32922750F009E1BDB /* CreatePloggingView.swift */; };
		6E1412F92922FD69009E1BDB /* PersonalPloggingViewController.swift in Sources */ = {isa = PBXBuildFile; fileRef = 6E1412F82922FD69009E1BDB /* PersonalPloggingViewController.swift */; };
		6E1E655B2949E567004E1C94 /* LocalSearchCompletionViewController.swift in Sources */ = {isa = PBXBuildFile; fileRef = 6E1E655A2949E567004E1C94 /* LocalSearchCompletionViewController.swift */; };
		6E290481291ED6CD00FB7D9A /* Color.swift in Sources */ = {isa = PBXBuildFile; fileRef = 6E290480291ED6CD00FB7D9A /* Color.swift */; };
		6E290483291EDBC500FB7D9A /* CoreDataStack.swift in Sources */ = {isa = PBXBuildFile; fileRef = 6E290482291EDBC500FB7D9A /* CoreDataStack.swift */; };
		6E290485291EDC0C00FB7D9A /* PloggingCoreDataManager.swift in Sources */ = {isa = PBXBuildFile; fileRef = 6E290484291EDC0C00FB7D9A /* PloggingCoreDataManager.swift */; };
		6E35AA35291E853D000FF104 /* OnboardingViewController.swift in Sources */ = {isa = PBXBuildFile; fileRef = 6E35AA34291E853D000FF104 /* OnboardingViewController.swift */; };
		6E3821AE28FD54C100F39184 /* Extension+MKMapView.swift in Sources */ = {isa = PBXBuildFile; fileRef = 6E3821AD28FD54C100F39184 /* Extension+MKMapView.swift */; };
		6E3821B028FD566B00F39184 /* Plogging.swift in Sources */ = {isa = PBXBuildFile; fileRef = 6E3821AF28FD566A00F39184 /* Plogging.swift */; };
		6E3821B228FD57C800F39184 /* PloggingAnnotation.swift in Sources */ = {isa = PBXBuildFile; fileRef = 6E3821B128FD57C800F39184 /* PloggingAnnotation.swift */; };
		6E3C607129199DAE00DFDD58 /* PloggingUI.swift in Sources */ = {isa = PBXBuildFile; fileRef = 6E3C607029199DAE00DFDD58 /* PloggingUI.swift */; };
		6E3C60732919AF1E00DFDD58 /* PloggingDetailsView.swift in Sources */ = {isa = PBXBuildFile; fileRef = 6E3C60722919AF1E00DFDD58 /* PloggingDetailsView.swift */; };
		6E48FC582901DE8300757AA9 /* SegueIdentifier.swift in Sources */ = {isa = PBXBuildFile; fileRef = 6E48FC572901DE8300757AA9 /* SegueIdentifier.swift */; };
		6E48FC5B2901E3F700757AA9 /* PloggingDetailsViewController.swift in Sources */ = {isa = PBXBuildFile; fileRef = 6E48FC5A2901E3F700757AA9 /* PloggingDetailsViewController.swift */; };
		6E4E866229E0142400940072 /* ImageViewController.swift in Sources */ = {isa = PBXBuildFile; fileRef = 6E4E866129E0142400940072 /* ImageViewController.swift */; };
		6E52E1E32AE3DFF800DCAD64 /* SignInOrUpViewController.swift in Sources */ = {isa = PBXBuildFile; fileRef = 6E52E1E22AE3DFF800DCAD64 /* SignInOrUpViewController.swift */; };
		6E5E67EC295AFB1D00E638C4 /* SetConstraintForKeyboardViewController.swift in Sources */ = {isa = PBXBuildFile; fileRef = 6E5E67EB295AFB1D00E638C4 /* SetConstraintForKeyboardViewController.swift */; };
		6E6375AE2AE441EC00C9E961 /* SignInViewController.swift in Sources */ = {isa = PBXBuildFile; fileRef = 6E6375AD2AE441EC00C9E961 /* SignInViewController.swift */; };
		6E686E12290DAA150022CE50 /* LocalSearchCompletion.swift in Sources */ = {isa = PBXBuildFile; fileRef = 6E686E11290DAA150022CE50 /* LocalSearchCompletion.swift */; };
		6E68BD7B29760294009F494E /* PloggingCollectionViewController.swift in Sources */ = {isa = PBXBuildFile; fileRef = 6E68BD7A29760294009F494E /* PloggingCollectionViewController.swift */; };
		6E69EFA52951AE1900EBE7B9 /* ProfileViewController.swift in Sources */ = {isa = PBXBuildFile; fileRef = 6E69EFA42951AE1900EBE7B9 /* ProfileViewController.swift */; };
		6E69EFA72951AE4A00EBE7B9 /* ProfileView.swift in Sources */ = {isa = PBXBuildFile; fileRef = 6E69EFA62951AE4A00EBE7B9 /* ProfileView.swift */; };
		6E69EFA92951AE6800EBE7B9 /* SetProfileView.swift in Sources */ = {isa = PBXBuildFile; fileRef = 6E69EFA82951AE6800EBE7B9 /* SetProfileView.swift */; };
		6E69EFAB2951AE9600EBE7B9 /* SetProfileViewController.swift in Sources */ = {isa = PBXBuildFile; fileRef = 6E69EFAA2951AE9600EBE7B9 /* SetProfileViewController.swift */; };
		6E69EFAD2951B53100EBE7B9 /* ChangePasswordViewController.swift in Sources */ = {isa = PBXBuildFile; fileRef = 6E69EFAC2951B53100EBE7B9 /* ChangePasswordViewController.swift */; };
		6E69EFAF2951BE5400EBE7B9 /* Extension+View.swift in Sources */ = {isa = PBXBuildFile; fileRef = 6E69EFAE2951BE5300EBE7B9 /* Extension+View.swift */; };
		6E8A6ABA29FA7EAE000BF2B5 /* UserDefaultsName.swift in Sources */ = {isa = PBXBuildFile; fileRef = 6E8A6AB929FA7EAE000BF2B5 /* UserDefaultsName.swift */; };
		6E9040E22AE30F8B009A6E80 /* TestCoreDataStack.swift in Sources */ = {isa = PBXBuildFile; fileRef = 6E9040E12AE30F8B009A6E80 /* TestCoreDataStack.swift */; };
		6E9040E42AE31064009A6E80 /* TestPloggingCoreDataManager.swift in Sources */ = {isa = PBXBuildFile; fileRef = 6E9040E32AE31064009A6E80 /* TestPloggingCoreDataManager.swift */; };
		6E94F04428EC244400D94CA5 /* MapViewController.swift in Sources */ = {isa = PBXBuildFile; fileRef = 6E94F04328EC244400D94CA5 /* MapViewController.swift */; };
		6EB6A2BF29F9C3DF00960639 /* WhoIsTakingPartViewController.swift in Sources */ = {isa = PBXBuildFile; fileRef = 6EB6A2BE29F9C3DF00960639 /* WhoIsTakingPartViewController.swift */; };
		6EB6A2C129F9C40300960639 /* WhoIsTakingPartView.swift in Sources */ = {isa = PBXBuildFile; fileRef = 6EB6A2C029F9C40300960639 /* WhoIsTakingPartView.swift */; };
		6EBFB9D82901251C00E1741A /* SomeDataz.json in Resources */ = {isa = PBXBuildFile; fileRef = 6EBFB9D72901251C00E1741A /* SomeDataz.json */; };
		6EC9F21529E9338B0048B6BC /* PhotoAction.swift in Sources */ = {isa = PBXBuildFile; fileRef = 6EC9F21429E9338B0048B6BC /* PhotoAction.swift */; };
		6EC9F21829E9397E0048B6BC /* PhotoTableViewCell.swift in Sources */ = {isa = PBXBuildFile; fileRef = 6EC9F21629E9397E0048B6BC /* PhotoTableViewCell.swift */; };
		6EC9F21929E9397E0048B6BC /* PhotoTableViewCell.xib in Resources */ = {isa = PBXBuildFile; fileRef = 6EC9F21729E9397E0048B6BC /* PhotoTableViewCell.xib */; };
		6ED589B228E8D8B000450FE4 /* AppDelegate.swift in Sources */ = {isa = PBXBuildFile; fileRef = 6ED589B128E8D8B000450FE4 /* AppDelegate.swift */; };
		6ED589B428E8D8B000450FE4 /* SceneDelegate.swift in Sources */ = {isa = PBXBuildFile; fileRef = 6ED589B328E8D8B000450FE4 /* SceneDelegate.swift */; };
		6ED589B928E8D8B000450FE4 /* Main.storyboard in Resources */ = {isa = PBXBuildFile; fileRef = 6ED589B728E8D8B000450FE4 /* Main.storyboard */; };
		6ED589BE28E8D8BD00450FE4 /* Assets.xcassets in Resources */ = {isa = PBXBuildFile; fileRef = 6ED589BD28E8D8BD00450FE4 /* Assets.xcassets */; };
		6ED589C128E8D8BD00450FE4 /* LaunchScreen.storyboard in Resources */ = {isa = PBXBuildFile; fileRef = 6ED589BF28E8D8BD00450FE4 /* LaunchScreen.storyboard */; };
		6ED589F028E8ECB400450FE4 /* PresentationViewController.swift in Sources */ = {isa = PBXBuildFile; fileRef = 6ED589EF28E8ECB400450FE4 /* PresentationViewController.swift */; };
		6EE2560429DE04190058509C /* PhotoUI.swift in Sources */ = {isa = PBXBuildFile; fileRef = 6EE2560329DE04190058509C /* PhotoUI.swift */; };
		6EE2560929DE081E0058509C /* PhotoCD+CoreDataClass.swift in Sources */ = {isa = PBXBuildFile; fileRef = 6EE2560529DE081E0058509C /* PhotoCD+CoreDataClass.swift */; };
		6EE2560A29DE081E0058509C /* PhotoCD+CoreDataProperties.swift in Sources */ = {isa = PBXBuildFile; fileRef = 6EE2560629DE081E0058509C /* PhotoCD+CoreDataProperties.swift */; };
		6EE2560B29DE081E0058509C /* PloggingCD+CoreDataClass.swift in Sources */ = {isa = PBXBuildFile; fileRef = 6EE2560729DE081E0058509C /* PloggingCD+CoreDataClass.swift */; };
		6EE2560C29DE081E0058509C /* PloggingCD+CoreDataProperties.swift in Sources */ = {isa = PBXBuildFile; fileRef = 6EE2560829DE081E0058509C /* PloggingCD+CoreDataProperties.swift */; };
		6EE5E473297756C0005DE40F /* ChooseImageDelegate.swift in Sources */ = {isa = PBXBuildFile; fileRef = 6EE5E472297756C0005DE40F /* ChooseImageDelegate.swift */; };
		6EECBFBB28F2EEEA00FAE3FE /* LocationManager.swift in Sources */ = {isa = PBXBuildFile; fileRef = 6EECBFBA28F2EEEA00FAE3FE /* LocationManager.swift */; };
		6EECBFBE28F2F3AE00FAE3FE /* AlertType.swift in Sources */ = {isa = PBXBuildFile; fileRef = 6EECBFBD28F2F3AE00FAE3FE /* AlertType.swift */; };
		6EECBFC028F2F4C900FAE3FE /* Extension+UIViewController.swift in Sources */ = {isa = PBXBuildFile; fileRef = 6EECBFBF28F2F4C900FAE3FE /* Extension+UIViewController.swift */; };
		6EF0AA1D2902BBD40004F374 /* PloggingService.swift in Sources */ = {isa = PBXBuildFile; fileRef = 6EF0AA1C2902BBD40004F374 /* PloggingService.swift */; };
		6EF0AA1F2902BC4E0004F374 /* PloggingLoader.swift in Sources */ = {isa = PBXBuildFile; fileRef = 6EF0AA1E2902BC4E0004F374 /* PloggingLoader.swift */; };
/* End PBXBuildFile section */

/* Begin PBXContainerItemProxy section */
		6ED589C828E8D8BE00450FE4 /* PBXContainerItemProxy */ = {
			isa = PBXContainerItemProxy;
			containerPortal = 6ED589A628E8D8B000450FE4 /* Project object */;
			proxyType = 1;
			remoteGlobalIDString = 6ED589AD28E8D8B000450FE4;
			remoteInfo = Plogging;
		};
/* End PBXContainerItemProxy section */

/* Begin PBXFileReference section */
		6E00AA1F2926434800798F03 /* Extension+UIView.swift */ = {isa = PBXFileReference; lastKnownFileType = sourcecode.swift; path = "Extension+UIView.swift"; sourceTree = "<group>"; };
		6E088F932916830900F401A6 /* Texts.swift */ = {isa = PBXFileReference; lastKnownFileType = sourcecode.swift; path = Texts.swift; sourceTree = "<group>"; };
		6E12D2122923C75200D2F45B /* PloggingTableViewCell.xib */ = {isa = PBXFileReference; lastKnownFileType = file.xib; path = PloggingTableViewCell.xib; sourceTree = "<group>"; };
		6E12D2142923C8A500D2F45B /* PloggingTableViewCell.swift */ = {isa = PBXFileReference; lastKnownFileType = sourcecode.swift; path = PloggingTableViewCell.swift; sourceTree = "<group>"; };
		6E12D2162923D89600D2F45B /* Extension+FloatingPoint.swift */ = {isa = PBXFileReference; lastKnownFileType = sourcecode.swift; path = "Extension+FloatingPoint.swift"; sourceTree = "<group>"; };
		6E1412EE29227100009E1BDB /* Plogging.xcdatamodel */ = {isa = PBXFileReference; lastKnownFileType = wrapper.xcdatamodel; path = Plogging.xcdatamodel; sourceTree = "<group>"; };
		6E1412F1292274C2009E1BDB /* CreatePloggingViewController.swift */ = {isa = PBXFileReference; lastKnownFileType = sourcecode.swift; path = CreatePloggingViewController.swift; sourceTree = "<group>"; };
		6E1412F32922750F009E1BDB /* CreatePloggingView.swift */ = {isa = PBXFileReference; lastKnownFileType = sourcecode.swift; path = CreatePloggingView.swift; sourceTree = "<group>"; };
		6E1412F82922FD69009E1BDB /* PersonalPloggingViewController.swift */ = {isa = PBXFileReference; lastKnownFileType = sourcecode.swift; path = PersonalPloggingViewController.swift; sourceTree = "<group>"; };
		6E1E655A2949E567004E1C94 /* LocalSearchCompletionViewController.swift */ = {isa = PBXFileReference; lastKnownFileType = sourcecode.swift; path = LocalSearchCompletionViewController.swift; sourceTree = "<group>"; };
		6E290480291ED6CD00FB7D9A /* Color.swift */ = {isa = PBXFileReference; lastKnownFileType = sourcecode.swift; path = Color.swift; sourceTree = "<group>"; };
		6E290482291EDBC500FB7D9A /* CoreDataStack.swift */ = {isa = PBXFileReference; lastKnownFileType = sourcecode.swift; path = CoreDataStack.swift; sourceTree = "<group>"; };
		6E290484291EDC0C00FB7D9A /* PloggingCoreDataManager.swift */ = {isa = PBXFileReference; lastKnownFileType = sourcecode.swift; path = PloggingCoreDataManager.swift; sourceTree = "<group>"; };
		6E35AA34291E853D000FF104 /* OnboardingViewController.swift */ = {isa = PBXFileReference; lastKnownFileType = sourcecode.swift; path = OnboardingViewController.swift; sourceTree = "<group>"; };
		6E3821AD28FD54C100F39184 /* Extension+MKMapView.swift */ = {isa = PBXFileReference; lastKnownFileType = sourcecode.swift; path = "Extension+MKMapView.swift"; sourceTree = "<group>"; };
		6E3821AF28FD566A00F39184 /* Plogging.swift */ = {isa = PBXFileReference; lastKnownFileType = sourcecode.swift; path = Plogging.swift; sourceTree = "<group>"; };
		6E3821B128FD57C800F39184 /* PloggingAnnotation.swift */ = {isa = PBXFileReference; lastKnownFileType = sourcecode.swift; path = PloggingAnnotation.swift; sourceTree = "<group>"; };
		6E3C607029199DAE00DFDD58 /* PloggingUI.swift */ = {isa = PBXFileReference; lastKnownFileType = sourcecode.swift; path = PloggingUI.swift; sourceTree = "<group>"; };
		6E3C60722919AF1E00DFDD58 /* PloggingDetailsView.swift */ = {isa = PBXFileReference; lastKnownFileType = sourcecode.swift; path = PloggingDetailsView.swift; sourceTree = "<group>"; };
		6E48FC572901DE8300757AA9 /* SegueIdentifier.swift */ = {isa = PBXFileReference; lastKnownFileType = sourcecode.swift; path = SegueIdentifier.swift; sourceTree = "<group>"; };
		6E48FC5A2901E3F700757AA9 /* PloggingDetailsViewController.swift */ = {isa = PBXFileReference; lastKnownFileType = sourcecode.swift; path = PloggingDetailsViewController.swift; sourceTree = "<group>"; };
		6E4E866129E0142400940072 /* ImageViewController.swift */ = {isa = PBXFileReference; lastKnownFileType = sourcecode.swift; path = ImageViewController.swift; sourceTree = "<group>"; };
		6E52E1E22AE3DFF800DCAD64 /* SignInOrUpViewController.swift */ = {isa = PBXFileReference; lastKnownFileType = sourcecode.swift; path = SignInOrUpViewController.swift; sourceTree = "<group>"; };
		6E5E67EB295AFB1D00E638C4 /* SetConstraintForKeyboardViewController.swift */ = {isa = PBXFileReference; lastKnownFileType = sourcecode.swift; path = SetConstraintForKeyboardViewController.swift; sourceTree = "<group>"; };
		6E6375AD2AE441EC00C9E961 /* SignInViewController.swift */ = {isa = PBXFileReference; lastKnownFileType = sourcecode.swift; path = SignInViewController.swift; sourceTree = "<group>"; };
		6E686E11290DAA150022CE50 /* LocalSearchCompletion.swift */ = {isa = PBXFileReference; lastKnownFileType = sourcecode.swift; path = LocalSearchCompletion.swift; sourceTree = "<group>"; };
		6E68BD7A29760294009F494E /* PloggingCollectionViewController.swift */ = {isa = PBXFileReference; lastKnownFileType = sourcecode.swift; path = PloggingCollectionViewController.swift; sourceTree = "<group>"; };
		6E69EFA42951AE1900EBE7B9 /* ProfileViewController.swift */ = {isa = PBXFileReference; lastKnownFileType = sourcecode.swift; path = ProfileViewController.swift; sourceTree = "<group>"; };
		6E69EFA62951AE4A00EBE7B9 /* ProfileView.swift */ = {isa = PBXFileReference; lastKnownFileType = sourcecode.swift; path = ProfileView.swift; sourceTree = "<group>"; };
		6E69EFA82951AE6800EBE7B9 /* SetProfileView.swift */ = {isa = PBXFileReference; lastKnownFileType = sourcecode.swift; path = SetProfileView.swift; sourceTree = "<group>"; };
		6E69EFAA2951AE9600EBE7B9 /* SetProfileViewController.swift */ = {isa = PBXFileReference; lastKnownFileType = sourcecode.swift; path = SetProfileViewController.swift; sourceTree = "<group>"; };
		6E69EFAC2951B53100EBE7B9 /* ChangePasswordViewController.swift */ = {isa = PBXFileReference; lastKnownFileType = sourcecode.swift; path = ChangePasswordViewController.swift; sourceTree = "<group>"; };
		6E69EFAE2951BE5300EBE7B9 /* Extension+View.swift */ = {isa = PBXFileReference; lastKnownFileType = sourcecode.swift; path = "Extension+View.swift"; sourceTree = "<group>"; };
		6E8A6AB929FA7EAE000BF2B5 /* UserDefaultsName.swift */ = {isa = PBXFileReference; lastKnownFileType = sourcecode.swift; path = UserDefaultsName.swift; sourceTree = "<group>"; };
		6E9040E12AE30F8B009A6E80 /* TestCoreDataStack.swift */ = {isa = PBXFileReference; lastKnownFileType = sourcecode.swift; path = TestCoreDataStack.swift; sourceTree = "<group>"; };
		6E9040E32AE31064009A6E80 /* TestPloggingCoreDataManager.swift */ = {isa = PBXFileReference; lastKnownFileType = sourcecode.swift; path = TestPloggingCoreDataManager.swift; sourceTree = "<group>"; };
		6E94F04328EC244400D94CA5 /* MapViewController.swift */ = {isa = PBXFileReference; lastKnownFileType = sourcecode.swift; path = MapViewController.swift; sourceTree = "<group>"; };
		6EB6A2BE29F9C3DF00960639 /* WhoIsTakingPartViewController.swift */ = {isa = PBXFileReference; lastKnownFileType = sourcecode.swift; path = WhoIsTakingPartViewController.swift; sourceTree = "<group>"; };
		6EB6A2C029F9C40300960639 /* WhoIsTakingPartView.swift */ = {isa = PBXFileReference; lastKnownFileType = sourcecode.swift; path = WhoIsTakingPartView.swift; sourceTree = "<group>"; };
		6EBFB9D72901251C00E1741A /* SomeDataz.json */ = {isa = PBXFileReference; lastKnownFileType = text.json; path = SomeDataz.json; sourceTree = "<group>"; };
		6EC9F21429E9338B0048B6BC /* PhotoAction.swift */ = {isa = PBXFileReference; lastKnownFileType = sourcecode.swift; path = PhotoAction.swift; sourceTree = "<group>"; };
		6EC9F21629E9397E0048B6BC /* PhotoTableViewCell.swift */ = {isa = PBXFileReference; lastKnownFileType = sourcecode.swift; path = PhotoTableViewCell.swift; sourceTree = "<group>"; };
		6EC9F21729E9397E0048B6BC /* PhotoTableViewCell.xib */ = {isa = PBXFileReference; lastKnownFileType = file.xib; path = PhotoTableViewCell.xib; sourceTree = "<group>"; };
		6ED589AE28E8D8B000450FE4 /* Plogging.app */ = {isa = PBXFileReference; explicitFileType = wrapper.application; includeInIndex = 0; path = Plogging.app; sourceTree = BUILT_PRODUCTS_DIR; };
		6ED589B128E8D8B000450FE4 /* AppDelegate.swift */ = {isa = PBXFileReference; lastKnownFileType = sourcecode.swift; path = AppDelegate.swift; sourceTree = "<group>"; };
		6ED589B328E8D8B000450FE4 /* SceneDelegate.swift */ = {isa = PBXFileReference; lastKnownFileType = sourcecode.swift; path = SceneDelegate.swift; sourceTree = "<group>"; };
		6ED589B828E8D8B000450FE4 /* Base */ = {isa = PBXFileReference; lastKnownFileType = file.storyboard; name = Base; path = Base.lproj/Main.storyboard; sourceTree = "<group>"; };
		6ED589BD28E8D8BD00450FE4 /* Assets.xcassets */ = {isa = PBXFileReference; lastKnownFileType = folder.assetcatalog; path = Assets.xcassets; sourceTree = "<group>"; };
		6ED589C028E8D8BD00450FE4 /* Base */ = {isa = PBXFileReference; lastKnownFileType = file.storyboard; name = Base; path = Base.lproj/LaunchScreen.storyboard; sourceTree = "<group>"; };
		6ED589C228E8D8BD00450FE4 /* Info.plist */ = {isa = PBXFileReference; lastKnownFileType = text.plist.xml; path = Info.plist; sourceTree = "<group>"; };
		6ED589C728E8D8BE00450FE4 /* PloggingTests.xctest */ = {isa = PBXFileReference; explicitFileType = wrapper.cfbundle; includeInIndex = 0; path = PloggingTests.xctest; sourceTree = BUILT_PRODUCTS_DIR; };
		6ED589EF28E8ECB400450FE4 /* PresentationViewController.swift */ = {isa = PBXFileReference; lastKnownFileType = sourcecode.swift; path = PresentationViewController.swift; sourceTree = "<group>"; };
		6EE2560329DE04190058509C /* PhotoUI.swift */ = {isa = PBXFileReference; lastKnownFileType = sourcecode.swift; path = PhotoUI.swift; sourceTree = "<group>"; };
		6EE2560529DE081E0058509C /* PhotoCD+CoreDataClass.swift */ = {isa = PBXFileReference; lastKnownFileType = sourcecode.swift; path = "PhotoCD+CoreDataClass.swift"; sourceTree = "<group>"; };
		6EE2560629DE081E0058509C /* PhotoCD+CoreDataProperties.swift */ = {isa = PBXFileReference; lastKnownFileType = sourcecode.swift; path = "PhotoCD+CoreDataProperties.swift"; sourceTree = "<group>"; };
		6EE2560729DE081E0058509C /* PloggingCD+CoreDataClass.swift */ = {isa = PBXFileReference; lastKnownFileType = sourcecode.swift; path = "PloggingCD+CoreDataClass.swift"; sourceTree = "<group>"; };
		6EE2560829DE081E0058509C /* PloggingCD+CoreDataProperties.swift */ = {isa = PBXFileReference; lastKnownFileType = sourcecode.swift; path = "PloggingCD+CoreDataProperties.swift"; sourceTree = "<group>"; };
		6EE5E472297756C0005DE40F /* ChooseImageDelegate.swift */ = {isa = PBXFileReference; lastKnownFileType = sourcecode.swift; path = ChooseImageDelegate.swift; sourceTree = "<group>"; };
		6EECBFBA28F2EEEA00FAE3FE /* LocationManager.swift */ = {isa = PBXFileReference; lastKnownFileType = sourcecode.swift; path = LocationManager.swift; sourceTree = "<group>"; };
		6EECBFBD28F2F3AE00FAE3FE /* AlertType.swift */ = {isa = PBXFileReference; lastKnownFileType = sourcecode.swift; path = AlertType.swift; sourceTree = "<group>"; };
		6EECBFBF28F2F4C900FAE3FE /* Extension+UIViewController.swift */ = {isa = PBXFileReference; lastKnownFileType = sourcecode.swift; path = "Extension+UIViewController.swift"; sourceTree = "<group>"; };
		6EF0AA1C2902BBD40004F374 /* PloggingService.swift */ = {isa = PBXFileReference; lastKnownFileType = sourcecode.swift; path = PloggingService.swift; sourceTree = "<group>"; };
		6EF0AA1E2902BC4E0004F374 /* PloggingLoader.swift */ = {isa = PBXFileReference; lastKnownFileType = sourcecode.swift; path = PloggingLoader.swift; sourceTree = "<group>"; };
/* End PBXFileReference section */

/* Begin PBXFrameworksBuildPhase section */
		6ED589AB28E8D8B000450FE4 /* Frameworks */ = {
			isa = PBXFrameworksBuildPhase;
			buildActionMask = 2147483647;
			files = (
			);
			runOnlyForDeploymentPostprocessing = 0;
		};
		6ED589C428E8D8BE00450FE4 /* Frameworks */ = {
			isa = PBXFrameworksBuildPhase;
			buildActionMask = 2147483647;
			files = (
			);
			runOnlyForDeploymentPostprocessing = 0;
		};
/* End PBXFrameworksBuildPhase section */

/* Begin PBXGroup section */
		6E1412F029227492009E1BDB /* CreatePlogging */ = {
			isa = PBXGroup;
			children = (
				6E1412F1292274C2009E1BDB /* CreatePloggingViewController.swift */,
				6E1412F32922750F009E1BDB /* CreatePloggingView.swift */,
				6E1E655A2949E567004E1C94 /* LocalSearchCompletionViewController.swift */,
			);
			path = CreatePlogging;
			sourceTree = "<group>";
		};
		6E1412F72922FD25009E1BDB /* PersonalPlogging */ = {
			isa = PBXGroup;
			children = (
				6E1412F82922FD69009E1BDB /* PersonalPloggingViewController.swift */,
			);
			path = PersonalPlogging;
			sourceTree = "<group>";
		};
		6E3821AC28FD545F00F39184 /* Extension */ = {
			isa = PBXGroup;
			children = (
				6EECBFBF28F2F4C900FAE3FE /* Extension+UIViewController.swift */,
				6E3821AD28FD54C100F39184 /* Extension+MKMapView.swift */,
				6E12D2162923D89600D2F45B /* Extension+FloatingPoint.swift */,
				6E00AA1F2926434800798F03 /* Extension+UIView.swift */,
			);
			path = Extension;
			sourceTree = "<group>";
		};
		6E48FC592901E3BF00757AA9 /* PloggingDetails */ = {
			isa = PBXGroup;
			children = (
				6E48FC5A2901E3F700757AA9 /* PloggingDetailsViewController.swift */,
				6E3C60722919AF1E00DFDD58 /* PloggingDetailsView.swift */,
				6E68BD7A29760294009F494E /* PloggingCollectionViewController.swift */,
				6E4E866129E0142400940072 /* ImageViewController.swift */,
				6EB6A2BE29F9C3DF00960639 /* WhoIsTakingPartViewController.swift */,
				6EB6A2C029F9C40300960639 /* WhoIsTakingPartView.swift */,
			);
			path = PloggingDetails;
			sourceTree = "<group>";
		};
		6E52E1E12AE3DFBF00DCAD64 /* SignInOrUp */ = {
			isa = PBXGroup;
			children = (
				6E52E1E22AE3DFF800DCAD64 /* SignInOrUpViewController.swift */,
				6E6375AD2AE441EC00C9E961 /* SignInViewController.swift */,
			);
			path = SignInOrUp;
			sourceTree = "<group>";
		};
		6E69EFA32951ADBE00EBE7B9 /* Profile */ = {
			isa = PBXGroup;
			children = (
				6E69EFA42951AE1900EBE7B9 /* ProfileViewController.swift */,
				6E69EFA62951AE4A00EBE7B9 /* ProfileView.swift */,
				6E69EFAA2951AE9600EBE7B9 /* SetProfileViewController.swift */,
				6E69EFA82951AE6800EBE7B9 /* SetProfileView.swift */,
				6E69EFAC2951B53100EBE7B9 /* ChangePasswordViewController.swift */,
			);
			path = Profile;
			sourceTree = "<group>";
		};
		6E9040DF2AE30F18009A6E80 /* PloggingTests */ = {
			isa = PBXGroup;
			children = (
				6E9040E02AE30F3B009A6E80 /* CoreData */,
			);
			path = PloggingTests;
			sourceTree = "<group>";
		};
		6E9040E02AE30F3B009A6E80 /* CoreData */ = {
			isa = PBXGroup;
			children = (
				6E9040E12AE30F8B009A6E80 /* TestCoreDataStack.swift */,
				6E9040E32AE31064009A6E80 /* TestPloggingCoreDataManager.swift */,
			);
			path = CoreData;
			sourceTree = "<group>";
		};
		6ED589A528E8D8B000450FE4 = {
			isa = PBXGroup;
			children = (
				6E9040DF2AE30F18009A6E80 /* PloggingTests */,
				6ED589B028E8D8B000450FE4 /* Plogging */,
				6ED589AF28E8D8B000450FE4 /* Products */,
			);
			sourceTree = "<group>";
		};
		6ED589AF28E8D8B000450FE4 /* Products */ = {
			isa = PBXGroup;
			children = (
				6ED589AE28E8D8B000450FE4 /* Plogging.app */,
				6ED589C728E8D8BE00450FE4 /* PloggingTests.xctest */,
			);
			name = Products;
			sourceTree = "<group>";
		};
		6ED589B028E8D8B000450FE4 /* Plogging */ = {
			isa = PBXGroup;
			children = (
				6ED589B328E8D8B000450FE4 /* SceneDelegate.swift */,
				6ED589E428E8D92F00450FE4 /* Core */,
				6E1412F029227492009E1BDB /* CreatePlogging */,
				6ED589E728E8D97000450FE4 /* Map */,
				6E1412F72922FD25009E1BDB /* PersonalPlogging */,
				6E48FC592901E3BF00757AA9 /* PloggingDetails */,
				6ED589ED28E8E87900450FE4 /* Presentation */,
				6E69EFA32951ADBE00EBE7B9 /* Profile */,
				6E52E1E12AE3DFBF00DCAD64 /* SignInOrUp */,
				6ED589E828E8D9EC00450FE4 /* View */,
				6ED589EC28E8E3F900450FE4 /* SupportingFiles */,
			);
			path = Plogging;
			sourceTree = "<group>";
		};
		6ED589E428E8D92F00450FE4 /* Core */ = {
			isa = PBXGroup;
			children = (
				6EF0AA1B2902BBAB0004F374 /* Plogging */,
				6ED589EA28E8DD8B00450FE4 /* CoreData */,
				6EECBFB928F2EEBE00FAE3FE /* Location */,
				6ED589E928E8DD1B00450FE4 /* Model */,
				6EECBFBC28F2F36500FAE3FE /* UserAlert */,
				6E3821AC28FD545F00F39184 /* Extension */,
				6EE5E472297756C0005DE40F /* ChooseImageDelegate.swift */,
				6E290480291ED6CD00FB7D9A /* Color.swift */,
				6EC9F21429E9338B0048B6BC /* PhotoAction.swift */,
				6E48FC572901DE8300757AA9 /* SegueIdentifier.swift */,
				6E5E67EB295AFB1D00E638C4 /* SetConstraintForKeyboardViewController.swift */,
				6E088F932916830900F401A6 /* Texts.swift */,
				6E8A6AB929FA7EAE000BF2B5 /* UserDefaultsName.swift */,
			);
			path = Core;
			sourceTree = "<group>";
		};
		6ED589E728E8D97000450FE4 /* Map */ = {
			isa = PBXGroup;
			children = (
				6E94F04328EC244400D94CA5 /* MapViewController.swift */,
			);
			path = Map;
			sourceTree = "<group>";
		};
		6ED589E828E8D9EC00450FE4 /* View */ = {
			isa = PBXGroup;
			children = (
				6ED589BF28E8D8BD00450FE4 /* LaunchScreen.storyboard */,
				6ED589B728E8D8B000450FE4 /* Main.storyboard */,
				6E12D2122923C75200D2F45B /* PloggingTableViewCell.xib */,
				6E12D2142923C8A500D2F45B /* PloggingTableViewCell.swift */,
				6E69EFAE2951BE5300EBE7B9 /* Extension+View.swift */,
				6EC9F21629E9397E0048B6BC /* PhotoTableViewCell.swift */,
				6EC9F21729E9397E0048B6BC /* PhotoTableViewCell.xib */,
			);
			path = View;
			sourceTree = "<group>";
		};
		6ED589E928E8DD1B00450FE4 /* Model */ = {
			isa = PBXGroup;
			children = (
				6EE2560529DE081E0058509C /* PhotoCD+CoreDataClass.swift */,
				6EE2560629DE081E0058509C /* PhotoCD+CoreDataProperties.swift */,
				6EE2560729DE081E0058509C /* PloggingCD+CoreDataClass.swift */,
				6EE2560829DE081E0058509C /* PloggingCD+CoreDataProperties.swift */,
				6E3821AF28FD566A00F39184 /* Plogging.swift */,
				6E3821B128FD57C800F39184 /* PloggingAnnotation.swift */,
				6E3C607029199DAE00DFDD58 /* PloggingUI.swift */,
				6EE2560329DE04190058509C /* PhotoUI.swift */,
			);
			path = Model;
			sourceTree = "<group>";
		};
		6ED589EA28E8DD8B00450FE4 /* CoreData */ = {
			isa = PBXGroup;
			children = (
				6E290482291EDBC500FB7D9A /* CoreDataStack.swift */,
				6E290484291EDC0C00FB7D9A /* PloggingCoreDataManager.swift */,
				6E1412ED29227100009E1BDB /* Plogging.xcdatamodeld */,
			);
			path = CoreData;
			sourceTree = "<group>";
		};
		6ED589EC28E8E3F900450FE4 /* SupportingFiles */ = {
			isa = PBXGroup;
			children = (
				6ED589B128E8D8B000450FE4 /* AppDelegate.swift */,
				6ED589BD28E8D8BD00450FE4 /* Assets.xcassets */,
				6ED589C228E8D8BD00450FE4 /* Info.plist */,
			);
			path = SupportingFiles;
			sourceTree = "<group>";
		};
		6ED589ED28E8E87900450FE4 /* Presentation */ = {
			isa = PBXGroup;
			children = (
				6ED589EF28E8ECB400450FE4 /* PresentationViewController.swift */,
				6E35AA34291E853D000FF104 /* OnboardingViewController.swift */,
			);
			path = Presentation;
			sourceTree = "<group>";
		};
		6EECBFB928F2EEBE00FAE3FE /* Location */ = {
			isa = PBXGroup;
			children = (
				6EECBFBA28F2EEEA00FAE3FE /* LocationManager.swift */,
				6E686E11290DAA150022CE50 /* LocalSearchCompletion.swift */,
			);
			path = Location;
			sourceTree = "<group>";
		};
		6EECBFBC28F2F36500FAE3FE /* UserAlert */ = {
			isa = PBXGroup;
			children = (
				6EECBFBD28F2F3AE00FAE3FE /* AlertType.swift */,
			);
			path = UserAlert;
			sourceTree = "<group>";
		};
		6EF0AA1B2902BBAB0004F374 /* Plogging */ = {
			isa = PBXGroup;
			children = (
				6EBFB9D72901251C00E1741A /* SomeDataz.json */,
				6EF0AA1C2902BBD40004F374 /* PloggingService.swift */,
				6EF0AA1E2902BC4E0004F374 /* PloggingLoader.swift */,
			);
			path = Plogging;
			sourceTree = "<group>";
		};
/* End PBXGroup section */

/* Begin PBXNativeTarget section */
		6ED589AD28E8D8B000450FE4 /* Plogging */ = {
			isa = PBXNativeTarget;
			buildConfigurationList = 6ED589DB28E8D8BE00450FE4 /* Build configuration list for PBXNativeTarget "Plogging" */;
			buildPhases = (
				6ED589AA28E8D8B000450FE4 /* Sources */,
				6ED589AB28E8D8B000450FE4 /* Frameworks */,
				6ED589AC28E8D8B000450FE4 /* Resources */,
			);
			buildRules = (
			);
			dependencies = (
			);
			name = Plogging;
			productName = Plogging;
			productReference = 6ED589AE28E8D8B000450FE4 /* Plogging.app */;
			productType = "com.apple.product-type.application";
		};
		6ED589C628E8D8BE00450FE4 /* PloggingTests */ = {
			isa = PBXNativeTarget;
			buildConfigurationList = 6ED589DE28E8D8BE00450FE4 /* Build configuration list for PBXNativeTarget "PloggingTests" */;
			buildPhases = (
				6ED589C328E8D8BE00450FE4 /* Sources */,
				6ED589C428E8D8BE00450FE4 /* Frameworks */,
				6ED589C528E8D8BE00450FE4 /* Resources */,
			);
			buildRules = (
			);
			dependencies = (
				6ED589C928E8D8BE00450FE4 /* PBXTargetDependency */,
			);
			name = PloggingTests;
			productName = PloggingTests;
			productReference = 6ED589C728E8D8BE00450FE4 /* PloggingTests.xctest */;
			productType = "com.apple.product-type.bundle.unit-test";
		};
/* End PBXNativeTarget section */

/* Begin PBXProject section */
		6ED589A628E8D8B000450FE4 /* Project object */ = {
			isa = PBXProject;
			attributes = {
				BuildIndependentTargetsInParallel = 1;
				LastSwiftUpdateCheck = 1300;
				LastUpgradeCheck = 1300;
				TargetAttributes = {
					6ED589AD28E8D8B000450FE4 = {
						CreatedOnToolsVersion = 13.0;
					};
					6ED589C628E8D8BE00450FE4 = {
						CreatedOnToolsVersion = 13.0;
						LastSwiftMigration = 1420;
						TestTargetID = 6ED589AD28E8D8B000450FE4;
					};
				};
			};
			buildConfigurationList = 6ED589A928E8D8B000450FE4 /* Build configuration list for PBXProject "Plogging" */;
			compatibilityVersion = "Xcode 13.0";
			developmentRegion = en;
			hasScannedForEncodings = 0;
			knownRegions = (
				en,
				Base,
			);
			mainGroup = 6ED589A528E8D8B000450FE4;
			productRefGroup = 6ED589AF28E8D8B000450FE4 /* Products */;
			projectDirPath = "";
			projectRoot = "";
			targets = (
				6ED589AD28E8D8B000450FE4 /* Plogging */,
				6ED589C628E8D8BE00450FE4 /* PloggingTests */,
			);
		};
/* End PBXProject section */

/* Begin PBXResourcesBuildPhase section */
		6ED589AC28E8D8B000450FE4 /* Resources */ = {
			isa = PBXResourcesBuildPhase;
			buildActionMask = 2147483647;
			files = (
				6EC9F21929E9397E0048B6BC /* PhotoTableViewCell.xib in Resources */,
				6ED589C128E8D8BD00450FE4 /* LaunchScreen.storyboard in Resources */,
				6E12D2132923C75200D2F45B /* PloggingTableViewCell.xib in Resources */,
				6EBFB9D82901251C00E1741A /* SomeDataz.json in Resources */,
				6ED589BE28E8D8BD00450FE4 /* Assets.xcassets in Resources */,
				6ED589B928E8D8B000450FE4 /* Main.storyboard in Resources */,
			);
			runOnlyForDeploymentPostprocessing = 0;
		};
		6ED589C528E8D8BE00450FE4 /* Resources */ = {
			isa = PBXResourcesBuildPhase;
			buildActionMask = 2147483647;
			files = (
			);
			runOnlyForDeploymentPostprocessing = 0;
		};
/* End PBXResourcesBuildPhase section */

/* Begin PBXSourcesBuildPhase section */
		6ED589AA28E8D8B000450FE4 /* Sources */ = {
			isa = PBXSourcesBuildPhase;
			buildActionMask = 2147483647;
			files = (
				6E48FC5B2901E3F700757AA9 /* PloggingDetailsViewController.swift in Sources */,
				6E290483291EDBC500FB7D9A /* CoreDataStack.swift in Sources */,
				6E3C60732919AF1E00DFDD58 /* PloggingDetailsView.swift in Sources */,
				6ED589F028E8ECB400450FE4 /* PresentationViewController.swift in Sources */,
				6EECBFBB28F2EEEA00FAE3FE /* LocationManager.swift in Sources */,
				6ED589B228E8D8B000450FE4 /* AppDelegate.swift in Sources */,
				6E4E866229E0142400940072 /* ImageViewController.swift in Sources */,
				6EE2560C29DE081E0058509C /* PloggingCD+CoreDataProperties.swift in Sources */,
				6EB6A2C129F9C40300960639 /* WhoIsTakingPartView.swift in Sources */,
				6E5E67EC295AFB1D00E638C4 /* SetConstraintForKeyboardViewController.swift in Sources */,
				6E00AA202926434800798F03 /* Extension+UIView.swift in Sources */,
				6E94F04428EC244400D94CA5 /* MapViewController.swift in Sources */,
				6E1E655B2949E567004E1C94 /* LocalSearchCompletionViewController.swift in Sources */,
				6EB6A2BF29F9C3DF00960639 /* WhoIsTakingPartViewController.swift in Sources */,
				6EE2560429DE04190058509C /* PhotoUI.swift in Sources */,
				6E3821AE28FD54C100F39184 /* Extension+MKMapView.swift in Sources */,
				6E69EFAF2951BE5400EBE7B9 /* Extension+View.swift in Sources */,
				6E3821B228FD57C800F39184 /* PloggingAnnotation.swift in Sources */,
				6E69EFA92951AE6800EBE7B9 /* SetProfileView.swift in Sources */,
				6E52E1E32AE3DFF800DCAD64 /* SignInOrUpViewController.swift in Sources */,
				6E35AA35291E853D000FF104 /* OnboardingViewController.swift in Sources */,
				6E68BD7B29760294009F494E /* PloggingCollectionViewController.swift in Sources */,
				6E69EFAD2951B53100EBE7B9 /* ChangePasswordViewController.swift in Sources */,
				6E69EFA52951AE1900EBE7B9 /* ProfileViewController.swift in Sources */,
				6ED589B428E8D8B000450FE4 /* SceneDelegate.swift in Sources */,
				6EECBFC028F2F4C900FAE3FE /* Extension+UIViewController.swift in Sources */,
				6E686E12290DAA150022CE50 /* LocalSearchCompletion.swift in Sources */,
				6E290481291ED6CD00FB7D9A /* Color.swift in Sources */,
				6E48FC582901DE8300757AA9 /* SegueIdentifier.swift in Sources */,
				6EF0AA1D2902BBD40004F374 /* PloggingService.swift in Sources */,
				6E1412F92922FD69009E1BDB /* PersonalPloggingViewController.swift in Sources */,
				6E1412F2292274C2009E1BDB /* CreatePloggingViewController.swift in Sources */,
				6EE2560929DE081E0058509C /* PhotoCD+CoreDataClass.swift in Sources */,
				6EF0AA1F2902BC4E0004F374 /* PloggingLoader.swift in Sources */,
				6EE5E473297756C0005DE40F /* ChooseImageDelegate.swift in Sources */,
				6EC9F21829E9397E0048B6BC /* PhotoTableViewCell.swift in Sources */,
				6E088F942916830900F401A6 /* Texts.swift in Sources */,
				6E12D2152923C8A500D2F45B /* PloggingTableViewCell.swift in Sources */,
				6EC9F21529E9338B0048B6BC /* PhotoAction.swift in Sources */,
				6E69EFA72951AE4A00EBE7B9 /* ProfileView.swift in Sources */,
				6E1412F42922750F009E1BDB /* CreatePloggingView.swift in Sources */,
				6E3821B028FD566B00F39184 /* Plogging.swift in Sources */,
				6EE2560B29DE081E0058509C /* PloggingCD+CoreDataClass.swift in Sources */,
				6EECBFBE28F2F3AE00FAE3FE /* AlertType.swift in Sources */,
				6E6375AE2AE441EC00C9E961 /* SignInViewController.swift in Sources */,
				6E1412EF29227100009E1BDB /* Plogging.xcdatamodeld in Sources */,
				6E12D2172923D89600D2F45B /* Extension+FloatingPoint.swift in Sources */,
				6E69EFAB2951AE9600EBE7B9 /* SetProfileViewController.swift in Sources */,
				6EE2560A29DE081E0058509C /* PhotoCD+CoreDataProperties.swift in Sources */,
				6E290485291EDC0C00FB7D9A /* PloggingCoreDataManager.swift in Sources */,
				6E3C607129199DAE00DFDD58 /* PloggingUI.swift in Sources */,
				6E8A6ABA29FA7EAE000BF2B5 /* UserDefaultsName.swift in Sources */,
			);
			runOnlyForDeploymentPostprocessing = 0;
		};
		6ED589C328E8D8BE00450FE4 /* Sources */ = {
			isa = PBXSourcesBuildPhase;
			buildActionMask = 2147483647;
			files = (
				6E9040E22AE30F8B009A6E80 /* TestCoreDataStack.swift in Sources */,
				6E9040E42AE31064009A6E80 /* TestPloggingCoreDataManager.swift in Sources */,
			);
			runOnlyForDeploymentPostprocessing = 0;
		};
/* End PBXSourcesBuildPhase section */

/* Begin PBXTargetDependency section */
		6ED589C928E8D8BE00450FE4 /* PBXTargetDependency */ = {
			isa = PBXTargetDependency;
			target = 6ED589AD28E8D8B000450FE4 /* Plogging */;
			targetProxy = 6ED589C828E8D8BE00450FE4 /* PBXContainerItemProxy */;
		};
/* End PBXTargetDependency section */

/* Begin PBXVariantGroup section */
		6ED589B728E8D8B000450FE4 /* Main.storyboard */ = {
			isa = PBXVariantGroup;
			children = (
				6ED589B828E8D8B000450FE4 /* Base */,
			);
			name = Main.storyboard;
			sourceTree = "<group>";
		};
		6ED589BF28E8D8BD00450FE4 /* LaunchScreen.storyboard */ = {
			isa = PBXVariantGroup;
			children = (
				6ED589C028E8D8BD00450FE4 /* Base */,
			);
			name = LaunchScreen.storyboard;
			sourceTree = "<group>";
		};
/* End PBXVariantGroup section */

/* Begin XCBuildConfiguration section */
		6ED589D928E8D8BE00450FE4 /* Debug */ = {
			isa = XCBuildConfiguration;
			buildSettings = {
				ALWAYS_SEARCH_USER_PATHS = NO;
				CLANG_ANALYZER_NONNULL = YES;
				CLANG_ANALYZER_NUMBER_OBJECT_CONVERSION = YES_AGGRESSIVE;
				CLANG_CXX_LANGUAGE_STANDARD = "gnu++17";
				CLANG_CXX_LIBRARY = "libc++";
				CLANG_ENABLE_MODULES = YES;
				CLANG_ENABLE_OBJC_ARC = YES;
				CLANG_ENABLE_OBJC_WEAK = YES;
				CLANG_WARN_BLOCK_CAPTURE_AUTORELEASING = YES;
				CLANG_WARN_BOOL_CONVERSION = YES;
				CLANG_WARN_COMMA = YES;
				CLANG_WARN_CONSTANT_CONVERSION = YES;
				CLANG_WARN_DEPRECATED_OBJC_IMPLEMENTATIONS = YES;
				CLANG_WARN_DIRECT_OBJC_ISA_USAGE = YES_ERROR;
				CLANG_WARN_DOCUMENTATION_COMMENTS = YES;
				CLANG_WARN_EMPTY_BODY = YES;
				CLANG_WARN_ENUM_CONVERSION = YES;
				CLANG_WARN_INFINITE_RECURSION = YES;
				CLANG_WARN_INT_CONVERSION = YES;
				CLANG_WARN_NON_LITERAL_NULL_CONVERSION = YES;
				CLANG_WARN_OBJC_IMPLICIT_RETAIN_SELF = YES;
				CLANG_WARN_OBJC_LITERAL_CONVERSION = YES;
				CLANG_WARN_OBJC_ROOT_CLASS = YES_ERROR;
				CLANG_WARN_QUOTED_INCLUDE_IN_FRAMEWORK_HEADER = YES;
				CLANG_WARN_RANGE_LOOP_ANALYSIS = YES;
				CLANG_WARN_STRICT_PROTOTYPES = YES;
				CLANG_WARN_SUSPICIOUS_MOVE = YES;
				CLANG_WARN_UNGUARDED_AVAILABILITY = YES_AGGRESSIVE;
				CLANG_WARN_UNREACHABLE_CODE = YES;
				CLANG_WARN__DUPLICATE_METHOD_MATCH = YES;
				COPY_PHASE_STRIP = NO;
				DEBUG_INFORMATION_FORMAT = dwarf;
				ENABLE_STRICT_OBJC_MSGSEND = YES;
				ENABLE_TESTABILITY = YES;
				GCC_C_LANGUAGE_STANDARD = gnu11;
				GCC_DYNAMIC_NO_PIC = NO;
				GCC_NO_COMMON_BLOCKS = YES;
				GCC_OPTIMIZATION_LEVEL = 0;
				GCC_PREPROCESSOR_DEFINITIONS = (
					"DEBUG=1",
					"$(inherited)",
				);
				GCC_WARN_64_TO_32_BIT_CONVERSION = YES;
				GCC_WARN_ABOUT_RETURN_TYPE = YES_ERROR;
				GCC_WARN_UNDECLARED_SELECTOR = YES;
				GCC_WARN_UNINITIALIZED_AUTOS = YES_AGGRESSIVE;
				GCC_WARN_UNUSED_FUNCTION = YES;
				GCC_WARN_UNUSED_VARIABLE = YES;
				IPHONEOS_DEPLOYMENT_TARGET = 15.0;
				MTL_ENABLE_DEBUG_INFO = INCLUDE_SOURCE;
				MTL_FAST_MATH = YES;
				ONLY_ACTIVE_ARCH = YES;
				SDKROOT = iphoneos;
				SWIFT_ACTIVE_COMPILATION_CONDITIONS = DEBUG;
				SWIFT_OPTIMIZATION_LEVEL = "-Onone";
			};
			name = Debug;
		};
		6ED589DA28E8D8BE00450FE4 /* Release */ = {
			isa = XCBuildConfiguration;
			buildSettings = {
				ALWAYS_SEARCH_USER_PATHS = NO;
				CLANG_ANALYZER_NONNULL = YES;
				CLANG_ANALYZER_NUMBER_OBJECT_CONVERSION = YES_AGGRESSIVE;
				CLANG_CXX_LANGUAGE_STANDARD = "gnu++17";
				CLANG_CXX_LIBRARY = "libc++";
				CLANG_ENABLE_MODULES = YES;
				CLANG_ENABLE_OBJC_ARC = YES;
				CLANG_ENABLE_OBJC_WEAK = YES;
				CLANG_WARN_BLOCK_CAPTURE_AUTORELEASING = YES;
				CLANG_WARN_BOOL_CONVERSION = YES;
				CLANG_WARN_COMMA = YES;
				CLANG_WARN_CONSTANT_CONVERSION = YES;
				CLANG_WARN_DEPRECATED_OBJC_IMPLEMENTATIONS = YES;
				CLANG_WARN_DIRECT_OBJC_ISA_USAGE = YES_ERROR;
				CLANG_WARN_DOCUMENTATION_COMMENTS = YES;
				CLANG_WARN_EMPTY_BODY = YES;
				CLANG_WARN_ENUM_CONVERSION = YES;
				CLANG_WARN_INFINITE_RECURSION = YES;
				CLANG_WARN_INT_CONVERSION = YES;
				CLANG_WARN_NON_LITERAL_NULL_CONVERSION = YES;
				CLANG_WARN_OBJC_IMPLICIT_RETAIN_SELF = YES;
				CLANG_WARN_OBJC_LITERAL_CONVERSION = YES;
				CLANG_WARN_OBJC_ROOT_CLASS = YES_ERROR;
				CLANG_WARN_QUOTED_INCLUDE_IN_FRAMEWORK_HEADER = YES;
				CLANG_WARN_RANGE_LOOP_ANALYSIS = YES;
				CLANG_WARN_STRICT_PROTOTYPES = YES;
				CLANG_WARN_SUSPICIOUS_MOVE = YES;
				CLANG_WARN_UNGUARDED_AVAILABILITY = YES_AGGRESSIVE;
				CLANG_WARN_UNREACHABLE_CODE = YES;
				CLANG_WARN__DUPLICATE_METHOD_MATCH = YES;
				COPY_PHASE_STRIP = NO;
				DEBUG_INFORMATION_FORMAT = "dwarf-with-dsym";
				ENABLE_NS_ASSERTIONS = NO;
				ENABLE_STRICT_OBJC_MSGSEND = YES;
				GCC_C_LANGUAGE_STANDARD = gnu11;
				GCC_NO_COMMON_BLOCKS = YES;
				GCC_WARN_64_TO_32_BIT_CONVERSION = YES;
				GCC_WARN_ABOUT_RETURN_TYPE = YES_ERROR;
				GCC_WARN_UNDECLARED_SELECTOR = YES;
				GCC_WARN_UNINITIALIZED_AUTOS = YES_AGGRESSIVE;
				GCC_WARN_UNUSED_FUNCTION = YES;
				GCC_WARN_UNUSED_VARIABLE = YES;
				IPHONEOS_DEPLOYMENT_TARGET = 15.0;
				MTL_ENABLE_DEBUG_INFO = NO;
				MTL_FAST_MATH = YES;
				SDKROOT = iphoneos;
				SWIFT_COMPILATION_MODE = wholemodule;
				SWIFT_OPTIMIZATION_LEVEL = "-O";
				VALIDATE_PRODUCT = YES;
			};
			name = Release;
		};
		6ED589DC28E8D8BE00450FE4 /* Debug */ = {
			isa = XCBuildConfiguration;
			buildSettings = {
				ASSETCATALOG_COMPILER_APPICON_NAME = AppIcon;
				ASSETCATALOG_COMPILER_GLOBAL_ACCENT_COLOR_NAME = AccentColor;
				CODE_SIGN_STYLE = Automatic;
				CURRENT_PROJECT_VERSION = 1;
				DEVELOPMENT_TEAM = 7MYTN58B65;
				GENERATE_INFOPLIST_FILE = YES;
				INFOPLIST_FILE = Plogging/SupportingFiles/Info.plist;
				INFOPLIST_KEY_UIApplicationSupportsIndirectInputEvents = YES;
				INFOPLIST_KEY_UILaunchStoryboardName = LaunchScreen;
				INFOPLIST_KEY_UIMainStoryboardFile = Main;
				INFOPLIST_KEY_UISupportedInterfaceOrientations_iPad = "UIInterfaceOrientationPortrait UIInterfaceOrientationPortraitUpsideDown UIInterfaceOrientationLandscapeLeft UIInterfaceOrientationLandscapeRight";
				INFOPLIST_KEY_UISupportedInterfaceOrientations_iPhone = "UIInterfaceOrientationPortrait UIInterfaceOrientationLandscapeLeft UIInterfaceOrientationLandscapeRight";
				LD_RUNPATH_SEARCH_PATHS = (
					"$(inherited)",
					"@executable_path/Frameworks",
				);
				MARKETING_VERSION = 1.0;
				PRODUCT_BUNDLE_IDENTIFIER = com.honoreadeline.Plogging;
				PRODUCT_NAME = "$(TARGET_NAME)";
				SWIFT_EMIT_LOC_STRINGS = YES;
				SWIFT_VERSION = 5.0;
				TARGETED_DEVICE_FAMILY = 1;
			};
			name = Debug;
		};
		6ED589DD28E8D8BE00450FE4 /* Release */ = {
			isa = XCBuildConfiguration;
			buildSettings = {
				ASSETCATALOG_COMPILER_APPICON_NAME = AppIcon;
				ASSETCATALOG_COMPILER_GLOBAL_ACCENT_COLOR_NAME = AccentColor;
				CODE_SIGN_STYLE = Automatic;
				CURRENT_PROJECT_VERSION = 1;
				DEVELOPMENT_TEAM = 7MYTN58B65;
				GENERATE_INFOPLIST_FILE = YES;
				INFOPLIST_FILE = Plogging/SupportingFiles/Info.plist;
				INFOPLIST_KEY_UIApplicationSupportsIndirectInputEvents = YES;
				INFOPLIST_KEY_UILaunchStoryboardName = LaunchScreen;
				INFOPLIST_KEY_UIMainStoryboardFile = Main;
				INFOPLIST_KEY_UISupportedInterfaceOrientations_iPad = "UIInterfaceOrientationPortrait UIInterfaceOrientationPortraitUpsideDown UIInterfaceOrientationLandscapeLeft UIInterfaceOrientationLandscapeRight";
				INFOPLIST_KEY_UISupportedInterfaceOrientations_iPhone = "UIInterfaceOrientationPortrait UIInterfaceOrientationLandscapeLeft UIInterfaceOrientationLandscapeRight";
				LD_RUNPATH_SEARCH_PATHS = (
					"$(inherited)",
					"@executable_path/Frameworks",
				);
				MARKETING_VERSION = 1.0;
				PRODUCT_BUNDLE_IDENTIFIER = com.honoreadeline.Plogging;
				PRODUCT_NAME = "$(TARGET_NAME)";
				SWIFT_EMIT_LOC_STRINGS = YES;
				SWIFT_VERSION = 5.0;
				TARGETED_DEVICE_FAMILY = 1;
			};
			name = Release;
		};
		6ED589DF28E8D8BE00450FE4 /* Debug */ = {
			isa = XCBuildConfiguration;
			buildSettings = {
				ALWAYS_EMBED_SWIFT_STANDARD_LIBRARIES = YES;
				BUNDLE_LOADER = "$(TEST_HOST)";
				CLANG_ENABLE_MODULES = YES;
				CODE_SIGN_STYLE = Automatic;
				CURRENT_PROJECT_VERSION = 1;
				DEVELOPMENT_TEAM = 7MYTN58B65;
				GENERATE_INFOPLIST_FILE = YES;
				IPHONEOS_DEPLOYMENT_TARGET = 15.0;
				LD_RUNPATH_SEARCH_PATHS = (
					"$(inherited)",
					"@executable_path/Frameworks",
					"@loader_path/Frameworks",
				);
				MARKETING_VERSION = 1.0;
				PRODUCT_BUNDLE_IDENTIFIER = com.honoreadeline.PloggingTests;
				PRODUCT_NAME = "$(TARGET_NAME)";
				SWIFT_EMIT_LOC_STRINGS = NO;
				SWIFT_OPTIMIZATION_LEVEL = "-Onone";
				SWIFT_VERSION = 5.0;
				TARGETED_DEVICE_FAMILY = "1,2";
				TEST_HOST = "$(BUILT_PRODUCTS_DIR)/Plogging.app/Plogging";
			};
			name = Debug;
		};
		6ED589E028E8D8BE00450FE4 /* Release */ = {
			isa = XCBuildConfiguration;
			buildSettings = {
				ALWAYS_EMBED_SWIFT_STANDARD_LIBRARIES = YES;
				BUNDLE_LOADER = "$(TEST_HOST)";
				CLANG_ENABLE_MODULES = YES;
				CODE_SIGN_STYLE = Automatic;
				CURRENT_PROJECT_VERSION = 1;
				DEVELOPMENT_TEAM = 7MYTN58B65;
				GENERATE_INFOPLIST_FILE = YES;
				IPHONEOS_DEPLOYMENT_TARGET = 15.0;
				LD_RUNPATH_SEARCH_PATHS = (
					"$(inherited)",
					"@executable_path/Frameworks",
					"@loader_path/Frameworks",
				);
				MARKETING_VERSION = 1.0;
				PRODUCT_BUNDLE_IDENTIFIER = com.honoreadeline.PloggingTests;
				PRODUCT_NAME = "$(TARGET_NAME)";
				SWIFT_EMIT_LOC_STRINGS = NO;
				SWIFT_VERSION = 5.0;
				TARGETED_DEVICE_FAMILY = "1,2";
				TEST_HOST = "$(BUILT_PRODUCTS_DIR)/Plogging.app/Plogging";
			};
			name = Release;
		};
/* End XCBuildConfiguration section */

/* Begin XCConfigurationList section */
		6ED589A928E8D8B000450FE4 /* Build configuration list for PBXProject "Plogging" */ = {
			isa = XCConfigurationList;
			buildConfigurations = (
				6ED589D928E8D8BE00450FE4 /* Debug */,
				6ED589DA28E8D8BE00450FE4 /* Release */,
			);
			defaultConfigurationIsVisible = 0;
			defaultConfigurationName = Release;
		};
		6ED589DB28E8D8BE00450FE4 /* Build configuration list for PBXNativeTarget "Plogging" */ = {
			isa = XCConfigurationList;
			buildConfigurations = (
				6ED589DC28E8D8BE00450FE4 /* Debug */,
				6ED589DD28E8D8BE00450FE4 /* Release */,
			);
			defaultConfigurationIsVisible = 0;
			defaultConfigurationName = Release;
		};
		6ED589DE28E8D8BE00450FE4 /* Build configuration list for PBXNativeTarget "PloggingTests" */ = {
			isa = XCConfigurationList;
			buildConfigurations = (
				6ED589DF28E8D8BE00450FE4 /* Debug */,
				6ED589E028E8D8BE00450FE4 /* Release */,
			);
			defaultConfigurationIsVisible = 0;
			defaultConfigurationName = Release;
		};
/* End XCConfigurationList section */

/* Begin XCVersionGroup section */
		6E1412ED29227100009E1BDB /* Plogging.xcdatamodeld */ = {
			isa = XCVersionGroup;
			children = (
				6E1412EE29227100009E1BDB /* Plogging.xcdatamodel */,
			);
			currentVersion = 6E1412EE29227100009E1BDB /* Plogging.xcdatamodel */;
			path = Plogging.xcdatamodeld;
			sourceTree = "<group>";
			versionGroupType = wrapper.xcdatamodel;
		};
/* End XCVersionGroup section */
	};
	rootObject = 6ED589A628E8D8B000450FE4 /* Project object */;
}
